
Microsoft Visual Studio Solution File, Format Version 12.00
# Visual Studio Version 16
VisualStudioVersion = 16.0.30907.101
MinimumVisualStudioVersion = 10.0.40219.1
Project("{9A19103F-16F7-4668-BE54-9A1E7A4F7556}") = "BackEndTest", "BackEndTest\BackEndTest.csproj", "{071992B2-58CC-4ED1-9048-69CD3A7833BE}"
EndProject
Project("{9A19103F-16F7-4668-BE54-9A1E7A4F7556}") = "BackEndTest.Services", "BackEndTest.Services\BackEndTest.Services.csproj", "{BDC4425D-8525-4134-ABE8-E1483B8744C2}"
EndProject
Project("{9A19103F-16F7-4668-BE54-9A1E7A4F7556}") = "BackEndTest.Repositories", "BackEndTest.Repositories\BackEndTest.Repositories.csproj", "{D83A8D2D-97C5-45F0-B3CE-19E3B236029F}"
EndProject
Project("{9A19103F-16F7-4668-BE54-9A1E7A4F7556}") = "BackEndTest.Shared", "Repositories.Shared\BackEndTest.Shared.csproj", "{A22424C6-63FC-47F9-9A87-321FA1C72DAF}"
EndProject
Project("{9A19103F-16F7-4668-BE54-9A1E7A4F7556}") = "BackEndTest.IoC", "BackEndTest.IoC\BackEndTest.IoC.csproj", "{46E517E7-1376-4D2F-8589-B84D518494C3}"
EndProject
Project("{FAE04EC0-301F-11D3-BF4B-00C04F79EFBC}") = "BackEndTest.UnitTests", "BackEndTest.UnitTests\BackEndTest.UnitTests.csproj", "{FDB97A01-F5D9-4701-B659-D0AFA35195BE}"
EndProject
Global
	GlobalSection(SolutionConfigurationPlatforms) = preSolution
		Debug|Any CPU = Debug|Any CPU
		Release|Any CPU = Release|Any CPU
	EndGlobalSection
	GlobalSection(ProjectConfigurationPlatforms) = postSolution
		{071992B2-58CC-4ED1-9048-69CD3A7833BE}.Debug|Any CPU.ActiveCfg = Debug|Any CPU
		{071992B2-58CC-4ED1-9048-69CD3A7833BE}.Debug|Any CPU.Build.0 = Debug|Any CPU
		{071992B2-58CC-4ED1-9048-69CD3A7833BE}.Release|Any CPU.ActiveCfg = Release|Any CPU
		{071992B2-58CC-4ED1-9048-69CD3A7833BE}.Release|Any CPU.Build.0 = Release|Any CPU
		{BDC4425D-8525-4134-ABE8-E1483B8744C2}.Debug|Any CPU.ActiveCfg = Debug|Any CPU
		{BDC4425D-8525-4134-ABE8-E1483B8744C2}.Debug|Any CPU.Build.0 = Debug|Any CPU
		{BDC4425D-8525-4134-ABE8-E1483B8744C2}.Release|Any CPU.ActiveCfg = Release|Any CPU
		{BDC4425D-8525-4134-ABE8-E1483B8744C2}.Release|Any CPU.Build.0 = Release|Any CPU
		{D83A8D2D-97C5-45F0-B3CE-19E3B236029F}.Debug|Any CPU.ActiveCfg = Debug|Any CPU
		{D83A8D2D-97C5-45F0-B3CE-19E3B236029F}.Debug|Any CPU.Build.0 = Debug|Any CPU
		{D83A8D2D-97C5-45F0-B3CE-19E3B236029F}.Release|Any CPU.ActiveCfg = Release|Any CPU
		{D83A8D2D-97C5-45F0-B3CE-19E3B236029F}.Release|Any CPU.Build.0 = Release|Any CPU
		{A22424C6-63FC-47F9-9A87-321FA1C72DAF}.Debug|Any CPU.ActiveCfg = Debug|Any CPU
		{A22424C6-63FC-47F9-9A87-321FA1C72DAF}.Debug|Any CPU.Build.0 = Debug|Any CPU
		{A22424C6-63FC-47F9-9A87-321FA1C72DAF}.Release|Any CPU.ActiveCfg = Release|Any CPU
		{A22424C6-63FC-47F9-9A87-321FA1C72DAF}.Release|Any CPU.Build.0 = Release|Any CPU
		{46E517E7-1376-4D2F-8589-B84D518494C3}.Debug|Any CPU.ActiveCfg = Debug|Any CPU
		{46E517E7-1376-4D2F-8589-B84D518494C3}.Debug|Any CPU.Build.0 = Debug|Any CPU
		{46E517E7-1376-4D2F-8589-B84D518494C3}.Release|Any CPU.ActiveCfg = Release|Any CPU
		{46E517E7-1376-4D2F-8589-B84D518494C3}.Release|Any CPU.Build.0 = Release|Any CPU
		{FDB97A01-F5D9-4701-B659-D0AFA35195BE}.Debug|Any CPU.ActiveCfg = Debug|Any CPU
		{FDB97A01-F5D9-4701-B659-D0AFA35195BE}.Debug|Any CPU.Build.0 = Debug|Any CPU
		{FDB97A01-F5D9-4701-B659-D0AFA35195BE}.Release|Any CPU.ActiveCfg = Release|Any CPU
		{FDB97A01-F5D9-4701-B659-D0AFA35195BE}.Release|Any CPU.Build.0 = Release|Any CPU
	EndGlobalSection
	GlobalSection(SolutionProperties) = preSolution
		HideSolutionNode = FALSE
	EndGlobalSection
	GlobalSection(ExtensibilityGlobals) = postSolution
		SolutionGuid = {FE8DB3D4-D5CA-43E2-B76D-4A9398C27537}
	EndGlobalSection
EndGlobal
